// !$*UTF8*$!
{
	archiveVersion = 1;
	classes = {
	};
	objectVersion = 46;
	objects = {

/* Begin PBXAggregateTarget section */
		24416B8111C4CA220047AFDD /* Build & Test */ = {
			isa = PBXAggregateTarget;
			buildConfigurationList = 24416B8A11C4CA520047AFDD /* Build configuration list for PBXAggregateTarget "Build & Test" */;
			buildPhases = (
				24416B8011C4CA220047AFDD /* ShellScript */,
			);
			dependencies = (
				24416B8511C4CA280047AFDD /* PBXTargetDependency */,
			);
			name = "Build & Test";
			productName = "Build & test";
		};
/* End PBXAggregateTarget section */

/* Begin PBXBuildFile section */
		24DD6CF91134B3F500162E58 /* TiAwsModule.h in Headers */ = {isa = PBXBuildFile; fileRef = 24DD6CF71134B3F500162E58 /* TiAwsModule.h */; };
		24DD6CFA1134B3F500162E58 /* TiAwsModule.m in Sources */ = {isa = PBXBuildFile; fileRef = 24DD6CF81134B3F500162E58 /* TiAwsModule.m */; };
		24DE9E1111C5FE74003F90F6 /* TiAwsModuleAssets.h in Headers */ = {isa = PBXBuildFile; fileRef = 24DE9E0F11C5FE74003F90F6 /* TiAwsModuleAssets.h */; };
		24DE9E1211C5FE74003F90F6 /* TiAwsModuleAssets.m in Sources */ = {isa = PBXBuildFile; fileRef = 24DE9E1011C5FE74003F90F6 /* TiAwsModuleAssets.m */; };
		AA747D9F0F9514B9006C5449 /* TiAws_Prefix.pch in Headers */ = {isa = PBXBuildFile; fileRef = AA747D9E0F9514B9006C5449 /* TiAws_Prefix.pch */; };
		AACBBE4A0F95108600F1A2B1 /* Foundation.framework in Frameworks */ = {isa = PBXBuildFile; fileRef = AACBBE490F95108600F1A2B1 /* Foundation.framework */; };
		DB37A5C31E5C63460050C9E9 /* TiAwsMachineIoTDataManagerProxy.h in Headers */ = {isa = PBXBuildFile; fileRef = DB37A5BF1E5C63460050C9E9 /* TiAwsMachineIoTDataManagerProxy.h */; };
		DB37A5C41E5C63460050C9E9 /* TiAwsMachineIoTDataManagerProxy.m in Sources */ = {isa = PBXBuildFile; fileRef = DB37A5C01E5C63460050C9E9 /* TiAwsMachineIoTDataManagerProxy.m */; };
		DB37A5C51E5C63460050C9E9 /* TiAwsMachineIoTModule.h in Headers */ = {isa = PBXBuildFile; fileRef = DB37A5C11E5C63460050C9E9 /* TiAwsMachineIoTModule.h */; };
		DB37A5C61E5C63460050C9E9 /* TiAwsMachineIoTModule.m in Sources */ = {isa = PBXBuildFile; fileRef = DB37A5C21E5C63460050C9E9 /* TiAwsMachineIoTModule.m */; };
		DB75F8A41E5C44F400825AFD /* TiAwsMachineLearningModule.h in Headers */ = {isa = PBXBuildFile; fileRef = DB75F8A21E5C44F400825AFD /* TiAwsMachineLearningModule.h */; };
		DB75F8A51E5C44F400825AFD /* TiAwsMachineLearningModule.m in Sources */ = {isa = PBXBuildFile; fileRef = DB75F8A31E5C44F400825AFD /* TiAwsMachineLearningModule.m */; };
		DB75F8A81E5C463100825AFD /* TiAwsMachineLearningPredictionManagerProxy.h in Headers */ = {isa = PBXBuildFile; fileRef = DB75F8A61E5C463100825AFD /* TiAwsMachineLearningPredictionManagerProxy.h */; };
		DB75F8A91E5C463100825AFD /* TiAwsMachineLearningPredictionManagerProxy.m in Sources */ = {isa = PBXBuildFile; fileRef = DB75F8A71E5C463100825AFD /* TiAwsMachineLearningPredictionManagerProxy.m */; };
		DBF5FE341E5C3611002766F9 /* AWSCore.framework in Frameworks */ = {isa = PBXBuildFile; fileRef = DBF5FE2E1E5C3611002766F9 /* AWSCore.framework */; };
		DBF5FE361E5C3611002766F9 /* AWSIoT.framework in Frameworks */ = {isa = PBXBuildFile; fileRef = DBF5FE301E5C3611002766F9 /* AWSIoT.framework */; };
		DBF5FE381E5C3611002766F9 /* AWSMachineLearning.framework in Frameworks */ = {isa = PBXBuildFile; fileRef = DBF5FE321E5C3611002766F9 /* AWSMachineLearning.framework */; };
		DBF5FE391E5C3611002766F9 /* AWSS3.framework in Frameworks */ = {isa = PBXBuildFile; fileRef = DBF5FE331E5C3611002766F9 /* AWSS3.framework */; };
		DBF5FE411E5C366B002766F9 /* TiAwsS3Module.h in Headers */ = {isa = PBXBuildFile; fileRef = DBF5FE3F1E5C366B002766F9 /* TiAwsS3Module.h */; };
		DBF5FE421E5C366B002766F9 /* TiAwsS3Module.m in Sources */ = {isa = PBXBuildFile; fileRef = DBF5FE401E5C366B002766F9 /* TiAwsS3Module.m */; };
		DBF5FE451E5C379F002766F9 /* TiAwsS3TransferManagerProxy.h in Headers */ = {isa = PBXBuildFile; fileRef = DBF5FE431E5C379F002766F9 /* TiAwsS3TransferManagerProxy.h */; };
		DBF5FE461E5C379F002766F9 /* TiAwsS3TransferManagerProxy.m in Sources */ = {isa = PBXBuildFile; fileRef = DBF5FE441E5C379F002766F9 /* TiAwsS3TransferManagerProxy.m */; };
/* End PBXBuildFile section */

/* Begin PBXContainerItemProxy section */
		24416B8411C4CA280047AFDD /* PBXContainerItemProxy */ = {
			isa = PBXContainerItemProxy;
			containerPortal = 0867D690FE84028FC02AAC07 /* Project object */;
			proxyType = 1;
			remoteGlobalIDString = D2AAC07D0554694100DB518D;
			remoteInfo = "titanium-amazon-aws";
		};
/* End PBXContainerItemProxy section */

/* Begin PBXFileReference section */
		24DD6CF71134B3F500162E58 /* TiAwsModule.h */ = {isa = PBXFileReference; fileEncoding = 4; lastKnownFileType = sourcecode.c.h; name = TiAwsModule.h; path = Classes/TiAwsModule.h; sourceTree = "<group>"; };
		24DD6CF81134B3F500162E58 /* TiAwsModule.m */ = {isa = PBXFileReference; fileEncoding = 4; lastKnownFileType = sourcecode.c.objc; name = TiAwsModule.m; path = Classes/TiAwsModule.m; sourceTree = "<group>"; };
		24DD6D1B1134B66800162E58 /* titanium.xcconfig */ = {isa = PBXFileReference; fileEncoding = 4; lastKnownFileType = text.xcconfig; path = titanium.xcconfig; sourceTree = "<group>"; };
		24DE9E0F11C5FE74003F90F6 /* TiAwsModuleAssets.h */ = {isa = PBXFileReference; fileEncoding = 4; lastKnownFileType = sourcecode.c.h; name = TiAwsModuleAssets.h; path = Classes/TiAwsModuleAssets.h; sourceTree = "<group>"; };
		24DE9E1011C5FE74003F90F6 /* TiAwsModuleAssets.m */ = {isa = PBXFileReference; fileEncoding = 4; lastKnownFileType = sourcecode.c.objc; name = TiAwsModuleAssets.m; path = Classes/TiAwsModuleAssets.m; sourceTree = "<group>"; };
		AA747D9E0F9514B9006C5449 /* TiAws_Prefix.pch */ = {isa = PBXFileReference; fileEncoding = 4; lastKnownFileType = sourcecode.c.h; path = TiAws_Prefix.pch; sourceTree = SOURCE_ROOT; };
		AACBBE490F95108600F1A2B1 /* Foundation.framework */ = {isa = PBXFileReference; lastKnownFileType = wrapper.framework; name = Foundation.framework; path = System/Library/Frameworks/Foundation.framework; sourceTree = SDKROOT; };
		D2AAC07E0554694100DB518D /* libti.aws.a */ = {isa = PBXFileReference; explicitFileType = archive.ar; includeInIndex = 0; path = libti.aws.a; sourceTree = BUILT_PRODUCTS_DIR; };
		DB37A5BF1E5C63460050C9E9 /* TiAwsMachineIoTDataManagerProxy.h */ = {isa = PBXFileReference; fileEncoding = 4; lastKnownFileType = sourcecode.c.h; name = TiAwsMachineIoTDataManagerProxy.h; path = Classes/TiAwsMachineIoTDataManagerProxy.h; sourceTree = "<group>"; };
		DB37A5C01E5C63460050C9E9 /* TiAwsMachineIoTDataManagerProxy.m */ = {isa = PBXFileReference; fileEncoding = 4; lastKnownFileType = sourcecode.c.objc; name = TiAwsMachineIoTDataManagerProxy.m; path = Classes/TiAwsMachineIoTDataManagerProxy.m; sourceTree = "<group>"; };
		DB37A5C11E5C63460050C9E9 /* TiAwsMachineIoTModule.h */ = {isa = PBXFileReference; fileEncoding = 4; lastKnownFileType = sourcecode.c.h; name = TiAwsMachineIoTModule.h; path = Classes/TiAwsMachineIoTModule.h; sourceTree = "<group>"; };
		DB37A5C21E5C63460050C9E9 /* TiAwsMachineIoTModule.m */ = {isa = PBXFileReference; fileEncoding = 4; lastKnownFileType = sourcecode.c.objc; name = TiAwsMachineIoTModule.m; path = Classes/TiAwsMachineIoTModule.m; sourceTree = "<group>"; };
		DB75F8A21E5C44F400825AFD /* TiAwsMachineLearningModule.h */ = {isa = PBXFileReference; fileEncoding = 4; lastKnownFileType = sourcecode.c.h; name = TiAwsMachineLearningModule.h; path = Classes/TiAwsMachineLearningModule.h; sourceTree = "<group>"; };
		DB75F8A31E5C44F400825AFD /* TiAwsMachineLearningModule.m */ = {isa = PBXFileReference; fileEncoding = 4; lastKnownFileType = sourcecode.c.objc; name = TiAwsMachineLearningModule.m; path = Classes/TiAwsMachineLearningModule.m; sourceTree = "<group>"; };
		DB75F8A61E5C463100825AFD /* TiAwsMachineLearningPredictionManagerProxy.h */ = {isa = PBXFileReference; fileEncoding = 4; lastKnownFileType = sourcecode.c.h; name = TiAwsMachineLearningPredictionManagerProxy.h; path = Classes/TiAwsMachineLearningPredictionManagerProxy.h; sourceTree = "<group>"; };
		DB75F8A71E5C463100825AFD /* TiAwsMachineLearningPredictionManagerProxy.m */ = {isa = PBXFileReference; fileEncoding = 4; lastKnownFileType = sourcecode.c.objc; name = TiAwsMachineLearningPredictionManagerProxy.m; path = Classes/TiAwsMachineLearningPredictionManagerProxy.m; sourceTree = "<group>"; };
		DBF5FE2E1E5C3611002766F9 /* AWSCore.framework */ = {isa = PBXFileReference; lastKnownFileType = wrapper.framework; name = AWSCore.framework; path = platform/AWSCore.framework; sourceTree = "<group>"; };
		DBF5FE301E5C3611002766F9 /* AWSIoT.framework */ = {isa = PBXFileReference; lastKnownFileType = wrapper.framework; name = AWSIoT.framework; path = platform/AWSIoT.framework; sourceTree = "<group>"; };
		DBF5FE321E5C3611002766F9 /* AWSMachineLearning.framework */ = {isa = PBXFileReference; lastKnownFileType = wrapper.framework; name = AWSMachineLearning.framework; path = platform/AWSMachineLearning.framework; sourceTree = "<group>"; };
		DBF5FE331E5C3611002766F9 /* AWSS3.framework */ = {isa = PBXFileReference; lastKnownFileType = wrapper.framework; name = AWSS3.framework; path = platform/AWSS3.framework; sourceTree = "<group>"; };
		DBF5FE3F1E5C366B002766F9 /* TiAwsS3Module.h */ = {isa = PBXFileReference; fileEncoding = 4; lastKnownFileType = sourcecode.c.h; name = TiAwsS3Module.h; path = Classes/TiAwsS3Module.h; sourceTree = "<group>"; };
		DBF5FE401E5C366B002766F9 /* TiAwsS3Module.m */ = {isa = PBXFileReference; fileEncoding = 4; lastKnownFileType = sourcecode.c.objc; name = TiAwsS3Module.m; path = Classes/TiAwsS3Module.m; sourceTree = "<group>"; };
		DBF5FE431E5C379F002766F9 /* TiAwsS3TransferManagerProxy.h */ = {isa = PBXFileReference; fileEncoding = 4; lastKnownFileType = sourcecode.c.h; name = TiAwsS3TransferManagerProxy.h; path = Classes/TiAwsS3TransferManagerProxy.h; sourceTree = "<group>"; };
		DBF5FE441E5C379F002766F9 /* TiAwsS3TransferManagerProxy.m */ = {isa = PBXFileReference; fileEncoding = 4; lastKnownFileType = sourcecode.c.objc; name = TiAwsS3TransferManagerProxy.m; path = Classes/TiAwsS3TransferManagerProxy.m; sourceTree = "<group>"; };
/* End PBXFileReference section */

/* Begin PBXFrameworksBuildPhase section */
		D2AAC07C0554694100DB518D /* Frameworks */ = {
			isa = PBXFrameworksBuildPhase;
			buildActionMask = 2147483647;
			files = (
				AACBBE4A0F95108600F1A2B1 /* Foundation.framework in Frameworks */,
				DBF5FE391E5C3611002766F9 /* AWSS3.framework in Frameworks */,
				DBF5FE341E5C3611002766F9 /* AWSCore.framework in Frameworks */,
				DBF5FE381E5C3611002766F9 /* AWSMachineLearning.framework in Frameworks */,
				DBF5FE361E5C3611002766F9 /* AWSIoT.framework in Frameworks */,
			);
			runOnlyForDeploymentPostprocessing = 0;
		};
/* End PBXFrameworksBuildPhase section */

/* Begin PBXGroup section */
		034768DFFF38A50411DB9C8B /* Products */ = {
			isa = PBXGroup;
			children = (
				D2AAC07E0554694100DB518D /* libti.aws.a */,
			);
			name = Products;
			sourceTree = "<group>";
		};
		0867D691FE84028FC02AAC07 /* titanium-amazon-aws */ = {
			isa = PBXGroup;
			children = (
				08FB77AEFE84172EC02AAC07 /* Classes */,
				32C88DFF0371C24200C91783 /* Other Sources */,
				0867D69AFE84028FC02AAC07 /* Frameworks */,
				034768DFFF38A50411DB9C8B /* Products */,
			);
			name = "titanium-amazon-aws";
			sourceTree = "<group>";
		};
		0867D69AFE84028FC02AAC07 /* Frameworks */ = {
			isa = PBXGroup;
			children = (
				DBF5FE2E1E5C3611002766F9 /* AWSCore.framework */,
				DBF5FE301E5C3611002766F9 /* AWSIoT.framework */,
				DBF5FE321E5C3611002766F9 /* AWSMachineLearning.framework */,
				DBF5FE331E5C3611002766F9 /* AWSS3.framework */,
				AACBBE490F95108600F1A2B1 /* Foundation.framework */,
			);
			name = Frameworks;
			sourceTree = "<group>";
		};
		08FB77AEFE84172EC02AAC07 /* Classes */ = {
			isa = PBXGroup;
			children = (
				24DE9E0F11C5FE74003F90F6 /* TiAwsModuleAssets.h */,
				24DE9E1011C5FE74003F90F6 /* TiAwsModuleAssets.m */,
				24DD6CF71134B3F500162E58 /* TiAwsModule.h */,
				24DD6CF81134B3F500162E58 /* TiAwsModule.m */,
				DBF5FE3E1E5C3637002766F9 /* S3 */,
				DBF5FE3D1E5C3631002766F9 /* MachineLearning */,
				DBF5FE3B1E5C3627002766F9 /* IoT */,
			);
			name = Classes;
			sourceTree = "<group>";
		};
		32C88DFF0371C24200C91783 /* Other Sources */ = {
			isa = PBXGroup;
			children = (
				AA747D9E0F9514B9006C5449 /* TiAws_Prefix.pch */,
				24DD6D1B1134B66800162E58 /* titanium.xcconfig */,
			);
			name = "Other Sources";
			sourceTree = "<group>";
		};
		DBF5FE3B1E5C3627002766F9 /* IoT */ = {
			isa = PBXGroup;
			children = (
				DB37A5BF1E5C63460050C9E9 /* TiAwsMachineIoTDataManagerProxy.h */,
				DB37A5C01E5C63460050C9E9 /* TiAwsMachineIoTDataManagerProxy.m */,
				DB37A5C11E5C63460050C9E9 /* TiAwsMachineIoTModule.h */,
				DB37A5C21E5C63460050C9E9 /* TiAwsMachineIoTModule.m */,
			);
			name = IoT;
			sourceTree = "<group>";
		};
		DBF5FE3D1E5C3631002766F9 /* MachineLearning */ = {
			isa = PBXGroup;
			children = (
				DB75F8A21E5C44F400825AFD /* TiAwsMachineLearningModule.h */,
				DB75F8A31E5C44F400825AFD /* TiAwsMachineLearningModule.m */,
				DB75F8A61E5C463100825AFD /* TiAwsMachineLearningPredictionManagerProxy.h */,
				DB75F8A71E5C463100825AFD /* TiAwsMachineLearningPredictionManagerProxy.m */,
			);
			name = MachineLearning;
			sourceTree = "<group>";
		};
		DBF5FE3E1E5C3637002766F9 /* S3 */ = {
			isa = PBXGroup;
			children = (
				DBF5FE3F1E5C366B002766F9 /* TiAwsS3Module.h */,
				DBF5FE401E5C366B002766F9 /* TiAwsS3Module.m */,
				DBF5FE431E5C379F002766F9 /* TiAwsS3TransferManagerProxy.h */,
				DBF5FE441E5C379F002766F9 /* TiAwsS3TransferManagerProxy.m */,
			);
			name = S3;
			sourceTree = "<group>";
		};
/* End PBXGroup section */

/* Begin PBXHeadersBuildPhase section */
		D2AAC07A0554694100DB518D /* Headers */ = {
			isa = PBXHeadersBuildPhase;
			buildActionMask = 2147483647;
			files = (
				AA747D9F0F9514B9006C5449 /* TiAws_Prefix.pch in Headers */,
				DB75F8A81E5C463100825AFD /* TiAwsMachineLearningPredictionManagerProxy.h in Headers */,
				DBF5FE411E5C366B002766F9 /* TiAwsS3Module.h in Headers */,
				24DD6CF91134B3F500162E58 /* TiAwsModule.h in Headers */,
				DB75F8A41E5C44F400825AFD /* TiAwsMachineLearningModule.h in Headers */,
				DB37A5C31E5C63460050C9E9 /* TiAwsMachineIoTDataManagerProxy.h in Headers */,
				DBF5FE451E5C379F002766F9 /* TiAwsS3TransferManagerProxy.h in Headers */,
				DB37A5C51E5C63460050C9E9 /* TiAwsMachineIoTModule.h in Headers */,
				24DE9E1111C5FE74003F90F6 /* TiAwsModuleAssets.h in Headers */,
			);
			runOnlyForDeploymentPostprocessing = 0;
		};
/* End PBXHeadersBuildPhase section */

/* Begin PBXNativeTarget section */
		D2AAC07D0554694100DB518D /* titanium-amazon-aws */ = {
			isa = PBXNativeTarget;
			buildConfigurationList = 1DEB921E08733DC00010E9CD /* Build configuration list for PBXNativeTarget "titanium-amazon-aws" */;
			buildPhases = (
				D2AAC07A0554694100DB518D /* Headers */,
				D2AAC07B0554694100DB518D /* Sources */,
				D2AAC07C0554694100DB518D /* Frameworks */,
			);
			buildRules = (
			);
			dependencies = (
			);
			name = "titanium-amazon-aws";
			productName = "titanium-amazon-aws";
			productReference = D2AAC07E0554694100DB518D /* libti.aws.a */;
			productType = "com.apple.product-type.library.static";
		};
/* End PBXNativeTarget section */

/* Begin PBXProject section */
		0867D690FE84028FC02AAC07 /* Project object */ = {
			isa = PBXProject;
			attributes = {
				LastUpgradeCheck = 1010;
			};
			buildConfigurationList = 1DEB922208733DC00010E9CD /* Build configuration list for PBXProject "titanium-amazon-aws" */;
			compatibilityVersion = "Xcode 3.2";
			developmentRegion = English;
			hasScannedForEncodings = 1;
			knownRegions = (
				English,
				Japanese,
				French,
				German,
			);
			mainGroup = 0867D691FE84028FC02AAC07 /* titanium-amazon-aws */;
			productRefGroup = 034768DFFF38A50411DB9C8B /* Products */;
			projectDirPath = "";
			projectRoot = "";
			targets = (
				D2AAC07D0554694100DB518D /* titanium-amazon-aws */,
				24416B8111C4CA220047AFDD /* Build & Test */,
			);
		};
/* End PBXProject section */

/* Begin PBXShellScriptBuildPhase section */
		24416B8011C4CA220047AFDD /* ShellScript */ = {
			isa = PBXShellScriptBuildPhase;
			buildActionMask = 2147483647;
			files = (
			);
			inputPaths = (
			);
			outputPaths = (
			);
			runOnlyForDeploymentPostprocessing = 0;
			shellPath = /bin/sh;
			shellScript = "# shell script goes here\n\npython \"${TITANIUM_SDK}/titanium.py\" run --dir=\"${PROJECT_DIR}\"\nexit $?\n";
		};
/* End PBXShellScriptBuildPhase section */

/* Begin PBXSourcesBuildPhase section */
		D2AAC07B0554694100DB518D /* Sources */ = {
			isa = PBXSourcesBuildPhase;
			buildActionMask = 2147483647;
			files = (
				DBF5FE461E5C379F002766F9 /* TiAwsS3TransferManagerProxy.m in Sources */,
				DB37A5C61E5C63460050C9E9 /* TiAwsMachineIoTModule.m in Sources */,
				24DD6CFA1134B3F500162E58 /* TiAwsModule.m in Sources */,
				DB75F8A91E5C463100825AFD /* TiAwsMachineLearningPredictionManagerProxy.m in Sources */,
				24DE9E1211C5FE74003F90F6 /* TiAwsModuleAssets.m in Sources */,
				DBF5FE421E5C366B002766F9 /* TiAwsS3Module.m in Sources */,
				DB37A5C41E5C63460050C9E9 /* TiAwsMachineIoTDataManagerProxy.m in Sources */,
				DB75F8A51E5C44F400825AFD /* TiAwsMachineLearningModule.m in Sources */,
			);
			runOnlyForDeploymentPostprocessing = 0;
		};
/* End PBXSourcesBuildPhase section */

/* Begin PBXTargetDependency section */
		24416B8511C4CA280047AFDD /* PBXTargetDependency */ = {
			isa = PBXTargetDependency;
			target = D2AAC07D0554694100DB518D /* titanium-amazon-aws */;
			targetProxy = 24416B8411C4CA280047AFDD /* PBXContainerItemProxy */;
		};
/* End PBXTargetDependency section */

/* Begin XCBuildConfiguration section */
		1DEB921F08733DC00010E9CD /* Debug */ = {
			isa = XCBuildConfiguration;
			baseConfigurationReference = 24DD6D1B1134B66800162E58 /* titanium.xcconfig */;
			buildSettings = {
				CLANG_ENABLE_OBJC_ARC = YES;
				CODE_SIGN_IDENTITY = "iPhone Developer";
				"CODE_SIGN_IDENTITY[sdk=iphoneos*]" = "iPhone Developer";
				DSTROOT = /tmp/TiAws.dst;
				ENABLE_BITCODE = NO;
				FRAMEWORK_SEARCH_PATHS = (
					"$(inherited)",
					"$(PROJECT_DIR)/platform",
				);
				GCC_C_LANGUAGE_STANDARD = c99;
				GCC_OPTIMIZATION_LEVEL = 0;
				GCC_PRECOMPILE_PREFIX_HEADER = YES;
				GCC_PREFIX_HEADER = TiAws_Prefix.pch;
				GCC_PREPROCESSOR_DEFINITIONS = "TI_VERSION=$(TI_VERSION)";
				GCC_TREAT_WARNINGS_AS_ERRORS = NO;
				GCC_VERSION = "";
				GCC_WARN_ABOUT_RETURN_TYPE = NO;
				GCC_WARN_MISSING_PARENTHESES = NO;
				GCC_WARN_SHADOW = NO;
				GCC_WARN_STRICT_SELECTOR_MATCH = NO;
				GCC_WARN_UNUSED_FUNCTION = YES;
				GCC_WARN_UNUSED_PARAMETER = NO;
				GCC_WARN_UNUSED_VALUE = NO;
				GCC_WARN_UNUSED_VARIABLE = NO;
				INSTALL_PATH = /usr/local/lib;
				IPHONEOS_DEPLOYMENT_TARGET = 8.0;
				LIBRARY_SEARCH_PATHS = "";
				OTHER_CFLAGS = (
					"-DDEBUG",
					"-DTI_POST_1_2",
				);
				OTHER_LDFLAGS = "-ObjC";
				PRODUCT_NAME = ti.aws;
				PROVISIONING_PROFILE = "";
				"PROVISIONING_PROFILE[sdk=iphoneos*]" = "";
				RUN_CLANG_STATIC_ANALYZER = NO;
				SDKROOT = iphoneos;
				USER_HEADER_SEARCH_PATHS = "";
			};
			name = Debug;
		};
		1DEB922008733DC00010E9CD /* Release */ = {
			isa = XCBuildConfiguration;
			baseConfigurationReference = 24DD6D1B1134B66800162E58 /* titanium.xcconfig */;
			buildSettings = {
				ALWAYS_SEARCH_USER_PATHS = NO;
				CLANG_ENABLE_OBJC_ARC = YES;
				DSTROOT = /tmp/TiAws.dst;
				ENABLE_BITCODE = NO;
				FRAMEWORK_SEARCH_PATHS = (
					"$(inherited)",
					"$(PROJECT_DIR)/platform",
				);
				GCC_C_LANGUAGE_STANDARD = c99;
				GCC_MODEL_TUNING = G5;
				GCC_PRECOMPILE_PREFIX_HEADER = YES;
				GCC_PREFIX_HEADER = TiAws_Prefix.pch;
				GCC_PREPROCESSOR_DEFINITIONS = "TI_VERSION=$(TI_VERSION)";
				GCC_TREAT_WARNINGS_AS_ERRORS = NO;
				GCC_VERSION = "";
				GCC_WARN_ABOUT_RETURN_TYPE = NO;
				GCC_WARN_MISSING_PARENTHESES = NO;
				GCC_WARN_SHADOW = NO;
				GCC_WARN_STRICT_SELECTOR_MATCH = NO;
				GCC_WARN_UNUSED_FUNCTION = YES;
				GCC_WARN_UNUSED_PARAMETER = NO;
				GCC_WARN_UNUSED_VALUE = NO;
				GCC_WARN_UNUSED_VARIABLE = NO;
				INSTALL_PATH = /usr/local/lib;
				IPHONEOS_DEPLOYMENT_TARGET = 8.0;
				LIBRARY_SEARCH_PATHS = "";
				OTHER_CFLAGS = "-DTI_POST_1_2";
				OTHER_LDFLAGS = "-ObjC";
				PRODUCT_NAME = ti.aws;
				RUN_CLANG_STATIC_ANALYZER = NO;
				SDKROOT = iphoneos;
				USER_HEADER_SEARCH_PATHS = "";
			};
			name = Release;
		};
		1DEB922308733DC00010E9CD /* Debug */ = {
			isa = XCBuildConfiguration;
			baseConfigurationReference = 24DD6D1B1134B66800162E58 /* titanium.xcconfig */;
			buildSettings = {
				CLANG_ANALYZER_LOCALIZABILITY_NONLOCALIZED = YES;
				CLANG_ANALYZER_OBJC_INCOMP_METHOD_TYPES = YES;
				CLANG_CXX_LIBRARY = "compiler-default";
				CLANG_WARN_BLOCK_CAPTURE_AUTORELEASING = YES;
				CLANG_WARN_BOOL_CONVERSION = YES;
				CLANG_WARN_COMMA = YES;
				CLANG_WARN_CONSTANT_CONVERSION = YES;
				CLANG_WARN_DEPRECATED_OBJC_IMPLEMENTATIONS = YES;
				CLANG_WARN_EMPTY_BODY = YES;
				CLANG_WARN_ENUM_CONVERSION = YES;
				CLANG_WARN_INFINITE_RECURSION = YES;
				CLANG_WARN_INT_CONVERSION = YES;
				CLANG_WARN_NON_LITERAL_NULL_CONVERSION = YES;
				CLANG_WARN_OBJC_IMPLICIT_RETAIN_SELF = YES;
				CLANG_WARN_OBJC_LITERAL_CONVERSION = YES;
				CLANG_WARN_RANGE_LOOP_ANALYSIS = YES;
				CLANG_WARN_STRICT_PROTOTYPES = NO;
				CLANG_WARN_SUSPICIOUS_MOVE = YES;
				CLANG_WARN_UNREACHABLE_CODE = YES;
				CLANG_WARN__DUPLICATE_METHOD_MATCH = YES;
				CODE_SIGN_IDENTITY = "iPhone Developer";
				"CODE_SIGN_IDENTITY[sdk=iphoneos*]" = "iPhone Developer";
				DSTROOT = /tmp/TiAws.dst;
				ENABLE_STRICT_OBJC_MSGSEND = YES;
				ENABLE_TESTABILITY = YES;
				GCC_C_LANGUAGE_STANDARD = c99;
				GCC_NO_COMMON_BLOCKS = YES;
				GCC_OPTIMIZATION_LEVEL = 0;
				GCC_PRECOMPILE_PREFIX_HEADER = YES;
				GCC_PREFIX_HEADER = TiAws_Prefix.pch;
				GCC_PREPROCESSOR_DEFINITIONS = "TI_VERSION=$(TI_VERSION)";
				GCC_TREAT_WARNINGS_AS_ERRORS = NO;
				GCC_VERSION = "";
				GCC_WARN_64_TO_32_BIT_CONVERSION = YES;
				GCC_WARN_ABOUT_RETURN_TYPE = NO;
				GCC_WARN_MISSING_PARENTHESES = NO;
				GCC_WARN_SHADOW = NO;
				GCC_WARN_STRICT_SELECTOR_MATCH = NO;
				GCC_WARN_UNDECLARED_SELECTOR = YES;
				GCC_WARN_UNINITIALIZED_AUTOS = YES;
				GCC_WARN_UNUSED_FUNCTION = YES;
				GCC_WARN_UNUSED_PARAMETER = NO;
				GCC_WARN_UNUSED_VALUE = NO;
				GCC_WARN_UNUSED_VARIABLE = NO;
				INSTALL_PATH = /usr/local/lib;
				ONLY_ACTIVE_ARCH = YES;
				OTHER_CFLAGS = (
					"-DDEBUG",
					"-DTI_POST_1_2",
				);
				OTHER_LDFLAGS = "-ObjC";
				PRODUCT_NAME = ti.aws;
				PROVISIONING_PROFILE = "";
				"PROVISIONING_PROFILE[sdk=iphoneos*]" = "";
				RUN_CLANG_STATIC_ANALYZER = NO;
				SDKROOT = iphoneos;
				USER_HEADER_SEARCH_PATHS = "";
			};
			name = Debug;
		};
		1DEB922408733DC00010E9CD /* Release */ = {
			isa = XCBuildConfiguration;
			baseConfigurationReference = 24DD6D1B1134B66800162E58 /* titanium.xcconfig */;
			buildSettings = {
				ALWAYS_SEARCH_USER_PATHS = NO;
				CLANG_ANALYZER_LOCALIZABILITY_NONLOCALIZED = YES;
				CLANG_ANALYZER_OBJC_INCOMP_METHOD_TYPES = YES;
				CLANG_CXX_LIBRARY = "compiler-default";
				CLANG_WARN_BLOCK_CAPTURE_AUTORELEASING = YES;
				CLANG_WARN_BOOL_CONVERSION = YES;
				CLANG_WARN_COMMA = YES;
				CLANG_WARN_CONSTANT_CONVERSION = YES;
				CLANG_WARN_DEPRECATED_OBJC_IMPLEMENTATIONS = YES;
				CLANG_WARN_EMPTY_BODY = YES;
				CLANG_WARN_ENUM_CONVERSION = YES;
				CLANG_WARN_INFINITE_RECURSION = YES;
				CLANG_WARN_INT_CONVERSION = YES;
				CLANG_WARN_NON_LITERAL_NULL_CONVERSION = YES;
				CLANG_WARN_OBJC_IMPLICIT_RETAIN_SELF = YES;
				CLANG_WARN_OBJC_LITERAL_CONVERSION = YES;
				CLANG_WARN_RANGE_LOOP_ANALYSIS = YES;
				CLANG_WARN_STRICT_PROTOTYPES = NO;
				CLANG_WARN_SUSPICIOUS_MOVE = YES;
				CLANG_WARN_UNREACHABLE_CODE = YES;
				CLANG_WARN__DUPLICATE_METHOD_MATCH = YES;
				DSTROOT = /tmp/TiAws.dst;
				ENABLE_STRICT_OBJC_MSGSEND = YES;
				GCC_C_LANGUAGE_STANDARD = c99;
				GCC_MODEL_TUNING = G5;
				GCC_NO_COMMON_BLOCKS = YES;
				GCC_PRECOMPILE_PREFIX_HEADER = YES;
				GCC_PREFIX_HEADER = TiAws_Prefix.pch;
				GCC_PREPROCESSOR_DEFINITIONS = "TI_VERSION=$(TI_VERSION)";
				GCC_TREAT_WARNINGS_AS_ERRORS = NO;
				GCC_VERSION = "";
				GCC_WARN_64_TO_32_BIT_CONVERSION = YES;
				GCC_WARN_ABOUT_RETURN_TYPE = NO;
				GCC_WARN_MISSING_PARENTHESES = NO;
				GCC_WARN_SHADOW = NO;
				GCC_WARN_STRICT_SELECTOR_MATCH = NO;
				GCC_WARN_UNDECLARED_SELECTOR = YES;
				GCC_WARN_UNINITIALIZED_AUTOS = YES;
				GCC_WARN_UNUSED_FUNCTION = YES;
				GCC_WARN_UNUSED_PARAMETER = NO;
				GCC_WARN_UNUSED_VALUE = NO;
				GCC_WARN_UNUSED_VARIABLE = NO;
				INSTALL_PATH = /usr/local/lib;
				IPHONEOS_DEPLOYMENT_TARGET = 8.0;
				OTHER_CFLAGS = "-DTI_POST_1_2";
				OTHER_LDFLAGS = "-ObjC";
				PRODUCT_NAME = ti.aws;
				RUN_CLANG_STATIC_ANALYZER = NO;
				SDKROOT = iphoneos;
				USER_HEADER_SEARCH_PATHS = "";
			};
			name = Release;
		};
		24416B8211C4CA220047AFDD /* Debug */ = {
			isa = XCBuildConfiguration;
			baseConfigurationReference = 24DD6D1B1134B66800162E58 /* titanium.xcconfig */;
			buildSettings = {
				CLANG_ENABLE_OBJC_WEAK = YES;
				COPY_PHASE_STRIP = NO;
				GCC_DYNAMIC_NO_PIC = NO;
				GCC_OPTIMIZATION_LEVEL = 0;
				PRODUCT_NAME = "Build & test";
			};
			name = Debug;
		};
		24416B8311C4CA220047AFDD /* Release */ = {
			isa = XCBuildConfiguration;
			baseConfigurationReference = 24DD6D1B1134B66800162E58 /* titanium.xcconfig */;
			buildSettings = {
				CLANG_ENABLE_OBJC_WEAK = YES;
				COPY_PHASE_STRIP = YES;
				DEBUG_INFORMATION_FORMAT = "dwarf-with-dsym";
				PRODUCT_NAME = "Build & test";
				ZERO_LINK = NO;
			};
			name = Release;
		};
/* End XCBuildConfiguration section */

/* Begin XCConfigurationList section */
		1DEB921E08733DC00010E9CD /* Build configuration list for PBXNativeTarget "titanium-amazon-aws" */ = {
			isa = XCConfigurationList;
			buildConfigurations = (
				1DEB921F08733DC00010E9CD /* Debug */,
				1DEB922008733DC00010E9CD /* Release */,
			);
			defaultConfigurationIsVisible = 0;
			defaultConfigurationName = Release;
		};
		1DEB922208733DC00010E9CD /* Build configuration list for PBXProject "titanium-amazon-aws" */ = {
			isa = XCConfigurationList;
			buildConfigurations = (
				1DEB922308733DC00010E9CD /* Debug */,
				1DEB922408733DC00010E9CD /* Release */,
			);
			defaultConfigurationIsVisible = 0;
			defaultConfigurationName = Release;
		};
		24416B8A11C4CA520047AFDD /* Build configuration list for PBXAggregateTarget "Build & Test" */ = {
			isa = XCConfigurationList;
			buildConfigurations = (
				24416B8211C4CA220047AFDD /* Debug */,
				24416B8311C4CA220047AFDD /* Release */,
			);
			defaultConfigurationIsVisible = 0;
			defaultConfigurationName = Release;
		};
/* End XCConfigurationList section */
	};
	rootObject = 0867D690FE84028FC02AAC07 /* Project object */;
}
